Microsoft Visual Studio Solution File, Format Version 8.00
Project("{8BC9CEB8-8B4A-11D0-8D11-00A0C91BC942}") = "2006_problem1", "2006_problem1.vcproj", "{B60ED92C-E1E3-42B8-AA4C-92770F8AEB8A}"
	ProjectSection(ProjectDependencies) = postProject
	EndProjectSection
EndProject
Global
	GlobalSection(SolutionConfiguration) = preSolution
		Debug = Debug
		Release = Release
	EndGlobalSection
	GlobalSection(ProjectConfiguration) = postSolution
		{B60ED92C-E1E3-42B8-AA4C-92770F8AEB8A}.Debug.ActiveCfg = Debug|Win32
		{B60ED92C-E1E3-42B8-AA4C-92770F8AEB8A}.Debug.Build.0 = Debug|Win32
		{B60ED92C-E1E3-42B8-AA4C-92770F8AEB8A}.Release.ActiveCfg = Release|Win32
		{B60ED92C-E1E3-42B8-AA4C-92770F8AEB8A}.Release.Build.0 = Release|Win32
	EndGlobalSection
	GlobalSection(ExtensibilityGlobals) = postSolution
	EndGlobalSection
	GlobalSection(ExtensibilityAddIns) = postSolution
	EndGlobalSection
EndGlobal
