Microsoft Visual Studio Solution File, Format Version 8.00
Project("{8BC9CEB8-8B4A-11D0-8D11-00A0C91BC942}") = "2011_problem3", "2011_problem3.vcproj", "{AF1ED9BD-36B0-4F37-B13D-A65F61ABB2A5}"
	ProjectSection(ProjectDependencies) = postProject
	EndProjectSection
EndProject
Global
	GlobalSection(SolutionConfiguration) = preSolution
		Debug = Debug
		Release = Release
	EndGlobalSection
	GlobalSection(ProjectConfiguration) = postSolution
		{AF1ED9BD-36B0-4F37-B13D-A65F61ABB2A5}.Debug.ActiveCfg = Debug|Win32
		{AF1ED9BD-36B0-4F37-B13D-A65F61ABB2A5}.Debug.Build.0 = Debug|Win32
		{AF1ED9BD-36B0-4F37-B13D-A65F61ABB2A5}.Release.ActiveCfg = Release|Win32
		{AF1ED9BD-36B0-4F37-B13D-A65F61ABB2A5}.Release.Build.0 = Release|Win32
	EndGlobalSection
	GlobalSection(ExtensibilityGlobals) = postSolution
	EndGlobalSection
	GlobalSection(ExtensibilityAddIns) = postSolution
	EndGlobalSection
EndGlobal
